
Microsoft Visual Studio Solution File, Format Version 12.00
# Visual Studio Version 17
VisualStudioVersion = 17.6.33723.286
MinimumVisualStudioVersion = 10.0.40219.1
Project("{FAE04EC0-301F-11D3-BF4B-00C04F79EFBC}") = "DoAn_LTW", "DoAn_LTW\DoAn_LTW.csproj", "{399A3512-C600-437D-A71E-E1144D36A311}"
EndProject
Global
	GlobalSection(SolutionConfigurationPlatforms) = preSolution
		Debug|Any CPU = Debug|Any CPU
		Release|Any CPU = Release|Any CPU
	EndGlobalSection
	GlobalSection(ProjectConfigurationPlatforms) = postSolution
		{399A3512-C600-437D-A71E-E1144D36A311}.Debug|Any CPU.ActiveCfg = Debug|Any CPU
		{399A3512-C600-437D-A71E-E1144D36A311}.Debug|Any CPU.Build.0 = Debug|Any CPU
		{399A3512-C600-437D-A71E-E1144D36A311}.Release|Any CPU.ActiveCfg = Release|Any CPU
		{399A3512-C600-437D-A71E-E1144D36A311}.Release|Any CPU.Build.0 = Release|Any CPU
	EndGlobalSection
	GlobalSection(SolutionProperties) = preSolution
		HideSolutionNode = FALSE
	EndGlobalSection
	GlobalSection(ExtensibilityGlobals) = postSolution
		SolutionGuid = {E287FD60-9F76-4D33-AAAC-07C262185B10}
	EndGlobalSection
EndGlobal
